
Microsoft Visual Studio Solution File, Format Version 12.00
# Visual Studio Version 17
VisualStudioVersion = 17.5.33627.172
MinimumVisualStudioVersion = 10.0.40219.1
Project("{FAE04EC0-301F-11D3-BF4B-00C04F79EFBC}") = "Passengers.Web", "Passengers.Web\Passengers.Web.csproj", "{D519A7AE-FFDE-44F8-8C76-97D906A7DB83}"
EndProject
Project("{FAE04EC0-301F-11D3-BF4B-00C04F79EFBC}") = "Passengers.Core", "Passengers.Core\Passengers.Core.csproj", "{E52FC58C-7CDF-4158-AFBB-857D3E5BF4C4}"
EndProject
Project("{FAE04EC0-301F-11D3-BF4B-00C04F79EFBC}") = "Passengers.ApplicationServices", "Passengers.ApplicationServices\Passengers.ApplicationServices.csproj", "{0BAC9506-5122-427B-8E98-E11A88CD7FB0}"
EndProject
Project("{FAE04EC0-301F-11D3-BF4B-00C04F79EFBC}") = "Passengers.UnitTest", "Passengers.UnitTest\Passengers.UnitTest.csproj", "{1B24664B-9662-472A-8886-A104638130AC}"
EndProject
Project("{FAE04EC0-301F-11D3-BF4B-00C04F79EFBC}") = "Passengers.DataAccess", "Passengers.DataAccess\Passengers.DataAccess.csproj", "{62C8ABE7-A6B8-42BB-AF23-B2C1AEC77F6F}"
EndProject
Global
	GlobalSection(SolutionConfigurationPlatforms) = preSolution
		Debug|Any CPU = Debug|Any CPU
		Release|Any CPU = Release|Any CPU
	EndGlobalSection
	GlobalSection(ProjectConfigurationPlatforms) = postSolution
		{D519A7AE-FFDE-44F8-8C76-97D906A7DB83}.Debug|Any CPU.ActiveCfg = Debug|Any CPU
		{D519A7AE-FFDE-44F8-8C76-97D906A7DB83}.Debug|Any CPU.Build.0 = Debug|Any CPU
		{D519A7AE-FFDE-44F8-8C76-97D906A7DB83}.Release|Any CPU.ActiveCfg = Release|Any CPU
		{D519A7AE-FFDE-44F8-8C76-97D906A7DB83}.Release|Any CPU.Build.0 = Release|Any CPU
		{E52FC58C-7CDF-4158-AFBB-857D3E5BF4C4}.Debug|Any CPU.ActiveCfg = Debug|Any CPU
		{E52FC58C-7CDF-4158-AFBB-857D3E5BF4C4}.Debug|Any CPU.Build.0 = Debug|Any CPU
		{E52FC58C-7CDF-4158-AFBB-857D3E5BF4C4}.Release|Any CPU.ActiveCfg = Release|Any CPU
		{E52FC58C-7CDF-4158-AFBB-857D3E5BF4C4}.Release|Any CPU.Build.0 = Release|Any CPU
		{0BAC9506-5122-427B-8E98-E11A88CD7FB0}.Debug|Any CPU.ActiveCfg = Debug|Any CPU
		{0BAC9506-5122-427B-8E98-E11A88CD7FB0}.Debug|Any CPU.Build.0 = Debug|Any CPU
		{0BAC9506-5122-427B-8E98-E11A88CD7FB0}.Release|Any CPU.ActiveCfg = Release|Any CPU
		{0BAC9506-5122-427B-8E98-E11A88CD7FB0}.Release|Any CPU.Build.0 = Release|Any CPU
		{1B24664B-9662-472A-8886-A104638130AC}.Debug|Any CPU.ActiveCfg = Debug|Any CPU
		{1B24664B-9662-472A-8886-A104638130AC}.Debug|Any CPU.Build.0 = Debug|Any CPU
		{1B24664B-9662-472A-8886-A104638130AC}.Release|Any CPU.ActiveCfg = Release|Any CPU
		{1B24664B-9662-472A-8886-A104638130AC}.Release|Any CPU.Build.0 = Release|Any CPU
		{62C8ABE7-A6B8-42BB-AF23-B2C1AEC77F6F}.Debug|Any CPU.ActiveCfg = Debug|Any CPU
		{62C8ABE7-A6B8-42BB-AF23-B2C1AEC77F6F}.Debug|Any CPU.Build.0 = Debug|Any CPU
		{62C8ABE7-A6B8-42BB-AF23-B2C1AEC77F6F}.Release|Any CPU.ActiveCfg = Release|Any CPU
		{62C8ABE7-A6B8-42BB-AF23-B2C1AEC77F6F}.Release|Any CPU.Build.0 = Release|Any CPU
	EndGlobalSection
	GlobalSection(SolutionProperties) = preSolution
		HideSolutionNode = FALSE
	EndGlobalSection
	GlobalSection(ExtensibilityGlobals) = postSolution
		SolutionGuid = {E7FD395E-28EB-4764-A03E-A1FEB988F6C9}
	EndGlobalSection
EndGlobal
